
Microsoft Visual Studio Solution File, Format Version 12.00
# Visual Studio Version 17
VisualStudioVersion = 17.0.31903.59
MinimumVisualStudioVersion = 10.0.40219.1
Project("{2150E333-8FDC-42A3-9474-1A3956D46DE8}") = "src", "src", "{A45B45E6-F1ED-475D-A8CF-871340DB9C74}"
EndProject
Project("{FAE04EC0-301F-11D3-BF4B-00C04F79EFBC}") = "SampleHumbleObject", "src\SampleHumbleObject\SampleHumbleObject.csproj", "{87DB11C9-2204-49D7-A207-16C8EA5B8F30}"
EndProject
Project("{2150E333-8FDC-42A3-9474-1A3956D46DE8}") = "tests", "tests", "{FB868116-187D-463A-97B2-51B3F7264AB6}"
EndProject
Project("{FAE04EC0-301F-11D3-BF4B-00C04F79EFBC}") = "SampleHumbleObject.UnitTests", "tests\SampleHumbleObject.UnitTests\SampleHumbleObject.UnitTests.csproj", "{1713F399-5EA1-47DC-86FD-DFDB60492CFB}"
EndProject
Global
	GlobalSection(SolutionConfigurationPlatforms) = preSolution
		Debug|Any CPU = Debug|Any CPU
		Release|Any CPU = Release|Any CPU
	EndGlobalSection
	GlobalSection(SolutionProperties) = preSolution
		HideSolutionNode = FALSE
	EndGlobalSection
	GlobalSection(ProjectConfigurationPlatforms) = postSolution
		{87DB11C9-2204-49D7-A207-16C8EA5B8F30}.Debug|Any CPU.ActiveCfg = Debug|Any CPU
		{87DB11C9-2204-49D7-A207-16C8EA5B8F30}.Debug|Any CPU.Build.0 = Debug|Any CPU
		{87DB11C9-2204-49D7-A207-16C8EA5B8F30}.Release|Any CPU.ActiveCfg = Release|Any CPU
		{87DB11C9-2204-49D7-A207-16C8EA5B8F30}.Release|Any CPU.Build.0 = Release|Any CPU
		{1713F399-5EA1-47DC-86FD-DFDB60492CFB}.Debug|Any CPU.ActiveCfg = Debug|Any CPU
		{1713F399-5EA1-47DC-86FD-DFDB60492CFB}.Debug|Any CPU.Build.0 = Debug|Any CPU
		{1713F399-5EA1-47DC-86FD-DFDB60492CFB}.Release|Any CPU.ActiveCfg = Release|Any CPU
		{1713F399-5EA1-47DC-86FD-DFDB60492CFB}.Release|Any CPU.Build.0 = Release|Any CPU
	EndGlobalSection
	GlobalSection(NestedProjects) = preSolution
		{87DB11C9-2204-49D7-A207-16C8EA5B8F30} = {A45B45E6-F1ED-475D-A8CF-871340DB9C74}
		{1713F399-5EA1-47DC-86FD-DFDB60492CFB} = {FB868116-187D-463A-97B2-51B3F7264AB6}
	EndGlobalSection
EndGlobal
